
Microsoft Visual Studio Solution File, Format Version 12.00
# Visual Studio 15
VisualStudioVersion = 15.0.26730.16
MinimumVisualStudioVersion = 10.0.40219.1
Project("{2150E333-8FDC-42A3-9474-1A3956D46DE8}") = "Core", "Core", "{E6D6CED8-70BD-4172-A749-81596860DFEC}"
EndProject
Project("{2150E333-8FDC-42A3-9474-1A3956D46DE8}") = "Infrastructure", "Infrastructure", "{236E2A88-29DE-4D89-90B2-045212A8E9DD}"
EndProject
Project("{2150E333-8FDC-42A3-9474-1A3956D46DE8}") = "RestServices", "RestServices", "{BD4E9E94-60A3-4959-A36B-878F280BF3FA}"
EndProject
Project("{FAE04EC0-301F-11D3-BF4B-00C04F79EFBC}") = "Store.Core", "Store.Core\Store.Core.csproj", "{69AC8F4A-E3D2-4A48-9168-912CA3C382A1}"
EndProject
Project("{FAE04EC0-301F-11D3-BF4B-00C04F79EFBC}") = "Store.Infrastructure", "Store.Infrastructure\Store.Infrastructure.csproj", "{A0064372-255E-4F35-A088-AC3B536351C2}"
EndProject
Project("{FAE04EC0-301F-11D3-BF4B-00C04F79EFBC}") = "RestApi", "RestApi\RestApi.csproj", "{A0B65D7D-302F-44B1-A5AA-1761B8A23256}"
EndProject
Project("{FAE04EC0-301F-11D3-BF4B-00C04F79EFBC}") = "RestApi.Tests", "RestApi.Tests\RestApi.Tests.csproj", "{D81D5D6A-2AE4-45D6-8E74-11D8F072B43D}"
EndProject
Global
	GlobalSection(SolutionConfigurationPlatforms) = preSolution
		Debug|Any CPU = Debug|Any CPU
		Release|Any CPU = Release|Any CPU
	EndGlobalSection
	GlobalSection(ProjectConfigurationPlatforms) = postSolution
		{69AC8F4A-E3D2-4A48-9168-912CA3C382A1}.Debug|Any CPU.ActiveCfg = Debug|Any CPU
		{69AC8F4A-E3D2-4A48-9168-912CA3C382A1}.Debug|Any CPU.Build.0 = Debug|Any CPU
		{69AC8F4A-E3D2-4A48-9168-912CA3C382A1}.Release|Any CPU.ActiveCfg = Release|Any CPU
		{69AC8F4A-E3D2-4A48-9168-912CA3C382A1}.Release|Any CPU.Build.0 = Release|Any CPU
		{A0064372-255E-4F35-A088-AC3B536351C2}.Debug|Any CPU.ActiveCfg = Debug|Any CPU
		{A0064372-255E-4F35-A088-AC3B536351C2}.Debug|Any CPU.Build.0 = Debug|Any CPU
		{A0064372-255E-4F35-A088-AC3B536351C2}.Release|Any CPU.ActiveCfg = Release|Any CPU
		{A0064372-255E-4F35-A088-AC3B536351C2}.Release|Any CPU.Build.0 = Release|Any CPU
		{A0B65D7D-302F-44B1-A5AA-1761B8A23256}.Debug|Any CPU.ActiveCfg = Debug|Any CPU
		{A0B65D7D-302F-44B1-A5AA-1761B8A23256}.Debug|Any CPU.Build.0 = Debug|Any CPU
		{A0B65D7D-302F-44B1-A5AA-1761B8A23256}.Release|Any CPU.ActiveCfg = Release|Any CPU
		{A0B65D7D-302F-44B1-A5AA-1761B8A23256}.Release|Any CPU.Build.0 = Release|Any CPU
		{D81D5D6A-2AE4-45D6-8E74-11D8F072B43D}.Debug|Any CPU.ActiveCfg = Debug|Any CPU
		{D81D5D6A-2AE4-45D6-8E74-11D8F072B43D}.Debug|Any CPU.Build.0 = Debug|Any CPU
		{D81D5D6A-2AE4-45D6-8E74-11D8F072B43D}.Release|Any CPU.ActiveCfg = Release|Any CPU
		{D81D5D6A-2AE4-45D6-8E74-11D8F072B43D}.Release|Any CPU.Build.0 = Release|Any CPU
	EndGlobalSection
	GlobalSection(SolutionProperties) = preSolution
		HideSolutionNode = FALSE
	EndGlobalSection
	GlobalSection(NestedProjects) = preSolution
		{69AC8F4A-E3D2-4A48-9168-912CA3C382A1} = {E6D6CED8-70BD-4172-A749-81596860DFEC}
		{A0064372-255E-4F35-A088-AC3B536351C2} = {236E2A88-29DE-4D89-90B2-045212A8E9DD}
		{A0B65D7D-302F-44B1-A5AA-1761B8A23256} = {BD4E9E94-60A3-4959-A36B-878F280BF3FA}
		{D81D5D6A-2AE4-45D6-8E74-11D8F072B43D} = {BD4E9E94-60A3-4959-A36B-878F280BF3FA}
	EndGlobalSection
	GlobalSection(ExtensibilityGlobals) = postSolution
		SolutionGuid = {A5A3F717-FECB-4FE6-89AD-D10DF63F5C2F}
	EndGlobalSection
EndGlobal
